Microsoft Visual Studio Solution File, Format Version 12.00
# Visual Studio Version 17
VisualStudioVersion = 17.5.2.0
MinimumVisualStudioVersion = 10.0.40219.1
Project("{FAE04EC0-301F-11D3-BF4B-00C04F79EFBC}") = "GravadorAudioSaidaWin", "GravadorAudioSaidaWin.csproj", "{6CED2C5B-E385-3BE1-4B64-8702B39D8FB0}"
EndProject
Global
	GlobalSection(SolutionConfigurationPlatforms) = preSolution
		Debug|Any CPU = Debug|Any CPU
		Release|Any CPU = Release|Any CPU
	EndGlobalSection
	GlobalSection(ProjectConfigurationPlatforms) = postSolution
		{6CED2C5B-E385-3BE1-4B64-8702B39D8FB0}.Debug|Any CPU.ActiveCfg = Debug|Any CPU
		{6CED2C5B-E385-3BE1-4B64-8702B39D8FB0}.Debug|Any CPU.Build.0 = Debug|Any CPU
		{6CED2C5B-E385-3BE1-4B64-8702B39D8FB0}.Release|Any CPU.ActiveCfg = Release|Any CPU
		{6CED2C5B-E385-3BE1-4B64-8702B39D8FB0}.Release|Any CPU.Build.0 = Release|Any CPU
	EndGlobalSection
	GlobalSection(SolutionProperties) = preSolution
		HideSolutionNode = FALSE
	EndGlobalSection
	GlobalSection(ExtensibilityGlobals) = postSolution
		SolutionGuid = {18FF8BA6-0A6F-4B37-B202-6B6300BB8507}
	EndGlobalSection
EndGlobal
